
Microsoft Visual Studio Solution File, Format Version 12.00
# Visual Studio 15
VisualStudioVersion = 15.0.28010.2050
MinimumVisualStudioVersion = 10.0.40219.1
Project("{FAE04EC0-301F-11D3-BF4B-00C04F79EFBC}") = "StudentData", "StudentData\StudentData.csproj", "{B4572E94-A7B4-4E08-AA47-072DA302F630}"
EndProject
Global
	GlobalSection(SolutionConfigurationPlatforms) = preSolution
		Debug|Any CPU = Debug|Any CPU
		Release|Any CPU = Release|Any CPU
	EndGlobalSection
	GlobalSection(ProjectConfigurationPlatforms) = postSolution
		{B4572E94-A7B4-4E08-AA47-072DA302F630}.Debug|Any CPU.ActiveCfg = Debug|Any CPU
		{B4572E94-A7B4-4E08-AA47-072DA302F630}.Debug|Any CPU.Build.0 = Debug|Any CPU
		{B4572E94-A7B4-4E08-AA47-072DA302F630}.Release|Any CPU.ActiveCfg = Release|Any CPU
		{B4572E94-A7B4-4E08-AA47-072DA302F630}.Release|Any CPU.Build.0 = Release|Any CPU
	EndGlobalSection
	GlobalSection(SolutionProperties) = preSolution
		HideSolutionNode = FALSE
	EndGlobalSection
	GlobalSection(ExtensibilityGlobals) = postSolution
		SolutionGuid = {F1FBAF7C-A760-4B17-AD0A-2AA5BA70E0A5}
	EndGlobalSection
EndGlobal
